
Microsoft Visual Studio Solution File, Format Version 12.00
# Visual Studio Version 17
VisualStudioVersion = 17.0.32014.148
MinimumVisualStudioVersion = 10.0.40219.1
Project("{9A19103F-16F7-4668-BE54-9A1E7A4F7556}") = "RecrutmentTool.WebApi", "RecrutmentTool\RecrutmentTool.WebApi.csproj", "{E8F11C37-543D-43EF-A16F-029388792D5C}"
EndProject
Project("{9A19103F-16F7-4668-BE54-9A1E7A4F7556}") = "RecrutmentTool.Data", "RecrutmentTool.Data\RecrutmentTool.Data.csproj", "{BD61ACD1-B74A-4549-934E-6FB1896AAE8D}"
EndProject
Project("{9A19103F-16F7-4668-BE54-9A1E7A4F7556}") = "RecrutmentTool.Services", "RecrutmentTool.Services\RecrutmentTool.Services.csproj", "{E5D17CAF-E4E4-45E0-9AD6-D0093677783F}"
EndProject
Global
	GlobalSection(SolutionConfigurationPlatforms) = preSolution
		Debug|Any CPU = Debug|Any CPU
		Release|Any CPU = Release|Any CPU
	EndGlobalSection
	GlobalSection(ProjectConfigurationPlatforms) = postSolution
		{E8F11C37-543D-43EF-A16F-029388792D5C}.Debug|Any CPU.ActiveCfg = Debug|Any CPU
		{E8F11C37-543D-43EF-A16F-029388792D5C}.Debug|Any CPU.Build.0 = Debug|Any CPU
		{E8F11C37-543D-43EF-A16F-029388792D5C}.Release|Any CPU.ActiveCfg = Release|Any CPU
		{E8F11C37-543D-43EF-A16F-029388792D5C}.Release|Any CPU.Build.0 = Release|Any CPU
		{BD61ACD1-B74A-4549-934E-6FB1896AAE8D}.Debug|Any CPU.ActiveCfg = Debug|Any CPU
		{BD61ACD1-B74A-4549-934E-6FB1896AAE8D}.Debug|Any CPU.Build.0 = Debug|Any CPU
		{BD61ACD1-B74A-4549-934E-6FB1896AAE8D}.Release|Any CPU.ActiveCfg = Release|Any CPU
		{BD61ACD1-B74A-4549-934E-6FB1896AAE8D}.Release|Any CPU.Build.0 = Release|Any CPU
		{E5D17CAF-E4E4-45E0-9AD6-D0093677783F}.Debug|Any CPU.ActiveCfg = Debug|Any CPU
		{E5D17CAF-E4E4-45E0-9AD6-D0093677783F}.Debug|Any CPU.Build.0 = Debug|Any CPU
		{E5D17CAF-E4E4-45E0-9AD6-D0093677783F}.Release|Any CPU.ActiveCfg = Release|Any CPU
		{E5D17CAF-E4E4-45E0-9AD6-D0093677783F}.Release|Any CPU.Build.0 = Release|Any CPU
	EndGlobalSection
	GlobalSection(SolutionProperties) = preSolution
		HideSolutionNode = FALSE
	EndGlobalSection
	GlobalSection(ExtensibilityGlobals) = postSolution
		SolutionGuid = {FA40B573-D8AD-43F8-A52D-F9A23A155AE4}
	EndGlobalSection
EndGlobal
